
Microsoft Visual Studio Solution File, Format Version 12.00
# Visual Studio Version 17
VisualStudioVersion = 17.0.31919.166
MinimumVisualStudioVersion = 10.0.40219.1
Project("{9A19103F-16F7-4668-BE54-9A1E7A4F7556}") = "SubirFTP", "SubirFTP\SubirFTP.csproj", "{AC04D033-B5C9-440E-9B03-F61CFFCBD572}"
EndProject
Project("{54435603-DBB4-11D2-8724-00A0C9A8B90C}") = "Setup", "Setup\Setup.vdproj", "{7EED7A81-C257-42C7-89D9-78B7C7465504}"
EndProject
Global
	GlobalSection(SolutionConfigurationPlatforms) = preSolution
		Debug|Any CPU = Debug|Any CPU
		Release|Any CPU = Release|Any CPU
	EndGlobalSection
	GlobalSection(ProjectConfigurationPlatforms) = postSolution
		{AC04D033-B5C9-440E-9B03-F61CFFCBD572}.Debug|Any CPU.ActiveCfg = Debug|Any CPU
		{AC04D033-B5C9-440E-9B03-F61CFFCBD572}.Debug|Any CPU.Build.0 = Debug|Any CPU
		{AC04D033-B5C9-440E-9B03-F61CFFCBD572}.Release|Any CPU.ActiveCfg = Release|Any CPU
		{AC04D033-B5C9-440E-9B03-F61CFFCBD572}.Release|Any CPU.Build.0 = Release|Any CPU
		{7EED7A81-C257-42C7-89D9-78B7C7465504}.Debug|Any CPU.ActiveCfg = Debug
		{7EED7A81-C257-42C7-89D9-78B7C7465504}.Release|Any CPU.ActiveCfg = Release
	EndGlobalSection
	GlobalSection(SolutionProperties) = preSolution
		HideSolutionNode = FALSE
	EndGlobalSection
	GlobalSection(ExtensibilityGlobals) = postSolution
		SolutionGuid = {3EDC6DE3-59CB-4EC1-93B5-4F068165F90B}
	EndGlobalSection
EndGlobal
